
Microsoft Visual Studio Solution File, Format Version 12.00
# Visual Studio Version 17
VisualStudioVersion = 17.9.34723.18
MinimumVisualStudioVersion = 10.0.40219.1
Project("{F184B08F-C81C-45F6-A57F-5ABD9991F28F}") = "Mobile Plan Calculator - VB.NET", "Mobile Plan Calculator - VB.NET.vbproj", "{EE43C5DC-1AC8-4035-A4F9-D902406BAAC4}"
EndProject
Global
	GlobalSection(SolutionConfigurationPlatforms) = preSolution
		Debug|Any CPU = Debug|Any CPU
		Release|Any CPU = Release|Any CPU
	EndGlobalSection
	GlobalSection(ProjectConfigurationPlatforms) = postSolution
		{EE43C5DC-1AC8-4035-A4F9-D902406BAAC4}.Debug|Any CPU.ActiveCfg = Debug|Any CPU
		{EE43C5DC-1AC8-4035-A4F9-D902406BAAC4}.Debug|Any CPU.Build.0 = Debug|Any CPU
		{EE43C5DC-1AC8-4035-A4F9-D902406BAAC4}.Release|Any CPU.ActiveCfg = Release|Any CPU
		{EE43C5DC-1AC8-4035-A4F9-D902406BAAC4}.Release|Any CPU.Build.0 = Release|Any CPU
	EndGlobalSection
	GlobalSection(SolutionProperties) = preSolution
		HideSolutionNode = FALSE
	EndGlobalSection
	GlobalSection(ExtensibilityGlobals) = postSolution
		SolutionGuid = {BFFB7D16-999E-4248-9B74-F4BEB532E268}
	EndGlobalSection
EndGlobal
